# This file is automatically @generated by Cargo.
# It is not intended for manual editing.
version = 4

[[package]]
name = "analytics"
version = "0.1.0"

[[package]]
name = "api-client"
version = "0.1.0"

[[package]]
name = "backtester"
version = "0.1.0"

[[package]]
name = "core-types"
version = "0.1.0"

[[package]]
name = "database"
version = "0.1.0"

[[package]]
name = "engine"
version = "0.1.0"

[[package]]
name = "events"
version = "0.1.0"

[[package]]
name = "optimizer"
version = "0.1.0"

[[package]]
name = "risk"
version = "0.1.0"

[[package]]
name = "strategies"
version = "0.1.0"

[[package]]
name = "web-server"
version = "0.1.0"

[[package]]
name = "zenith"
version = "0.1.0"
